// !$*UTF8*$!
{
	archiveVersion = 1;
	classes = {
	};
	objectVersion = 48;
	objects = {

/* Begin PBXBuildFile section */
		186657471F92A9670001E2F6 /* AppDelegate.swift in Sources */ = {isa = PBXBuildFile; fileRef = 186657461F92A9670001E2F6 /* AppDelegate.swift */; };
		1866574E1F92A9680001E2F6 /* Main.storyboard in Resources */ = {isa = PBXBuildFile; fileRef = 1866574C1F92A9680001E2F6 /* Main.storyboard */; };
		186657501F92A9680001E2F6 /* Assets.xcassets in Resources */ = {isa = PBXBuildFile; fileRef = 1866574F1F92A9680001E2F6 /* Assets.xcassets */; };
		186657531F92A9680001E2F6 /* LaunchScreen.storyboard in Resources */ = {isa = PBXBuildFile; fileRef = 186657511F92A9680001E2F6 /* LaunchScreen.storyboard */; };
		1866575D1F93E7BB0001E2F6 /* VideoTabController.swift in Sources */ = {isa = PBXBuildFile; fileRef = 1866575C1F93E7BB0001E2F6 /* VideoTabController.swift */; };
/* End PBXBuildFile section */

/* Begin PBXFileReference section */
		186657431F92A9670001E2F6 /* BilibiliAPI.app */ = {isa = PBXFileReference; explicitFileType = wrapper.application; includeInIndex = 0; path = BilibiliAPI.app; sourceTree = BUILT_PRODUCTS_DIR; };
		186657461F92A9670001E2F6 /* AppDelegate.swift */ = {isa = PBXFileReference; lastKnownFileType = sourcecode.swift; path = AppDelegate.swift; sourceTree = "<group>"; };
		1866574D1F92A9680001E2F6 /* Base */ = {isa = PBXFileReference; lastKnownFileType = file.storyboard; name = Base; path = Base.lproj/Main.storyboard; sourceTree = "<group>"; };
		1866574F1F92A9680001E2F6 /* Assets.xcassets */ = {isa = PBXFileReference; lastKnownFileType = folder.assetcatalog; path = Assets.xcassets; sourceTree = "<group>"; };
		186657521F92A9680001E2F6 /* Base */ = {isa = PBXFileReference; lastKnownFileType = file.storyboard; name = Base; path = Base.lproj/LaunchScreen.storyboard; sourceTree = "<group>"; };
		186657541F92A9680001E2F6 /* Info.plist */ = {isa = PBXFileReference; lastKnownFileType = text.plist.xml; path = Info.plist; sourceTree = "<group>"; };
		1866575C1F93E7BB0001E2F6 /* VideoTabController.swift */ = {isa = PBXFileReference; lastKnownFileType = sourcecode.swift; path = VideoTabController.swift; sourceTree = "<group>"; };
/* End PBXFileReference section */

/* Begin PBXFrameworksBuildPhase section */
		186657401F92A9670001E2F6 /* Frameworks */ = {
			isa = PBXFrameworksBuildPhase;
			buildActionMask = 2147483647;
			files = (
			);
			runOnlyForDeploymentPostprocessing = 0;
		};
/* End PBXFrameworksBuildPhase section */

/* Begin PBXGroup section */
		1866573A1F92A9670001E2F6 = {
			isa = PBXGroup;
			children = (
				186657451F92A9670001E2F6 /* BilibiliAPI */,
				186657441F92A9670001E2F6 /* Products */,
			);
			sourceTree = "<group>";
		};
		186657441F92A9670001E2F6 /* Products */ = {
			isa = PBXGroup;
			children = (
				186657431F92A9670001E2F6 /* BilibiliAPI.app */,
			);
			name = Products;
			sourceTree = "<group>";
		};
		186657451F92A9670001E2F6 /* BilibiliAPI */ = {
			isa = PBXGroup;
			children = (
				186657461F92A9670001E2F6 /* AppDelegate.swift */,
				1866574C1F92A9680001E2F6 /* Main.storyboard */,
				1866575C1F93E7BB0001E2F6 /* VideoTabController.swift */,
				1866574F1F92A9680001E2F6 /* Assets.xcassets */,
				186657511F92A9680001E2F6 /* LaunchScreen.storyboard */,
				186657541F92A9680001E2F6 /* Info.plist */,
			);
			path = BilibiliAPI;
			sourceTree = "<group>";
		};
/* End PBXGroup section */

/* Begin PBXNativeTarget section */
		186657421F92A9670001E2F6 /* BilibiliAPI */ = {
			isa = PBXNativeTarget;
			buildConfigurationList = 186657571F92A9680001E2F6 /* Build configuration list for PBXNativeTarget "BilibiliAPI" */;
			buildPhases = (
				1866573F1F92A9670001E2F6 /* Sources */,
				186657401F92A9670001E2F6 /* Frameworks */,
				186657411F92A9670001E2F6 /* Resources */,
			);
			buildRules = (
			);
			dependencies = (
			);
			name = BilibiliAPI;
			productName = BilibiliAPI;
			productReference = 186657431F92A9670001E2F6 /* BilibiliAPI.app */;
			productType = "com.apple.product-type.application";
		};
/* End PBXNativeTarget section */

/* Begin PBXProject section */
		1866573B1F92A9670001E2F6 /* Project object */ = {
			isa = PBXProject;
			attributes = {
				LastSwiftUpdateCheck = 0900;
				LastUpgradeCheck = 0900;
				ORGANIZATIONNAME = "Yuan Zhou";
				TargetAttributes = {
					186657421F92A9670001E2F6 = {
						CreatedOnToolsVersion = 9.0;
						ProvisioningStyle = Automatic;
					};
				};
			};
			buildConfigurationList = 1866573E1F92A9670001E2F6 /* Build configuration list for PBXProject "BilibiliAPI" */;
			compatibilityVersion = "Xcode 8.0";
			developmentRegion = en;
			hasScannedForEncodings = 0;
			knownRegions = (
				en,
				Base,
			);
			mainGroup = 1866573A1F92A9670001E2F6;
			productRefGroup = 186657441F92A9670001E2F6 /* Products */;
			projectDirPath = "";
			projectRoot = "";
			targets = (
				186657421F92A9670001E2F6 /* BilibiliAPI */,
			);
		};
/* End PBXProject section */

/* Begin PBXResourcesBuildPhase section */
		186657411F92A9670001E2F6 /* Resources */ = {
			isa = PBXResourcesBuildPhase;
			buildActionMask = 2147483647;
			files = (
				186657531F92A9680001E2F6 /* LaunchScreen.storyboard in Resources */,
				186657501F92A9680001E2F6 /* Assets.xcassets in Resources */,
				1866574E1F92A9680001E2F6 /* Main.storyboard in Resources */,
			);
			runOnlyForDeploymentPostprocessing = 0;
		};
/* End PBXResourcesBuildPhase section */

/* Begin PBXSourcesBuildPhase section */
		1866573F1F92A9670001E2F6 /* Sources */ = {
			isa = PBXSourcesBuildPhase;
			buildActionMask = 2147483647;
			files = (
				186657471F92A9670001E2F6 /* AppDelegate.swift in Sources */,
				1866575D1F93E7BB0001E2F6 /* VideoTabController.swift in Sources */,
			);
			runOnlyForDeploymentPostprocessing = 0;
		};
/* End PBXSourcesBuildPhase section */

/* Begin PBXVariantGroup section */
		1866574C1F92A9680001E2F6 /* Main.storyboard */ = {
			isa = PBXVariantGroup;
			children = (
				1866574D1F92A9680001E2F6 /* Base */,
			);
			name = Main.storyboard;
			sourceTree = "<group>";
		};
		186657511F92A9680001E2F6 /* LaunchScreen.storyboard */ = {
			isa = PBXVariantGroup;
			children = (
				186657521F92A9680001E2F6 /* Base */,
			);
			name = LaunchScreen.storyboard;
			sourceTree = "<group>";
		};
/* End PBXVariantGroup section */

/* Begin XCBuildConfiguration section */
		186657551F92A9680001E2F6 /* Debug */ = {
			isa = XCBuildConfiguration;
			buildSettings = {
				ALWAYS_SEARCH_USER_PATHS = NO;
				CLANG_ANALYZER_NONNULL = YES;
				CLANG_ANALYZER_NUMBER_OBJECT_CONVERSION = YES_AGGRESSIVE;
				CLANG_CXX_LANGUAGE_STANDARD = "gnu++14";
				CLANG_CXX_LIBRARY = "libc++";
				CLANG_ENABLE_MODULES = YES;
				CLANG_ENABLE_OBJC_ARC = YES;
				CLANG_WARN_BLOCK_CAPTURE_AUTORELEASING = YES;
				CLANG_WARN_BOOL_CONVERSION = YES;
				CLANG_WARN_COMMA = YES;
				CLANG_WARN_CONSTANT_CONVERSION = YES;
				CLANG_WARN_DIRECT_OBJC_ISA_USAGE = YES_ERROR;
				CLANG_WARN_DOCUMENTATION_COMMENTS = YES;
				CLANG_WARN_EMPTY_BODY = YES;
				CLANG_WARN_ENUM_CONVERSION = YES;
				CLANG_WARN_INFINITE_RECURSION = YES;
				CLANG_WARN_INT_CONVERSION = YES;
				CLANG_WARN_NON_LITERAL_NULL_CONVERSION = YES;
				CLANG_WARN_OBJC_LITERAL_CONVERSION = YES;
				CLANG_WARN_OBJC_ROOT_CLASS = YES_ERROR;
				CLANG_WARN_RANGE_LOOP_ANALYSIS = YES;
				CLANG_WARN_STRICT_PROTOTYPES = YES;
				CLANG_WARN_SUSPICIOUS_MOVE = YES;
				CLANG_WARN_UNGUARDED_AVAILABILITY = YES_AGGRESSIVE;
				CLANG_WARN_UNREACHABLE_CODE = YES;
				CLANG_WARN__DUPLICATE_METHOD_MATCH = YES;
				CODE_SIGN_IDENTITY = "iPhone Developer";
				COPY_PHASE_STRIP = NO;
				DEBUG_INFORMATION_FORMAT = dwarf;
				ENABLE_STRICT_OBJC_MSGSEND = YES;
				ENABLE_TESTABILITY = YES;
				GCC_C_LANGUAGE_STANDARD = gnu11;
				GCC_DYNAMIC_NO_PIC = NO;
				GCC_NO_COMMON_BLOCKS = YES;
				GCC_OPTIMIZATION_LEVEL = 0;
				GCC_PREPROCESSOR_DEFINITIONS = (
					"DEBUG=1",
					"$(inherited)",
				);
				GCC_WARN_64_TO_32_BIT_CONVERSION = YES;
				GCC_WARN_ABOUT_RETURN_TYPE = YES_ERROR;
				GCC_WARN_UNDECLARED_SELECTOR = YES;
				GCC_WARN_UNINITIALIZED_AUTOS = YES_AGGRESSIVE;
				GCC_WARN_UNUSED_FUNCTION = YES;
				GCC_WARN_UNUSED_VARIABLE = YES;
				IPHONEOS_DEPLOYMENT_TARGET = 11.0;
				MTL_ENABLE_DEBUG_INFO = YES;
				ONLY_ACTIVE_ARCH = YES;
				SDKROOT = iphoneos;
				SWIFT_ACTIVE_COMPILATION_CONDITIONS = DEBUG;
				SWIFT_OPTIMIZATION_LEVEL = "-Onone";
			};
			name = Debug;
		};
		186657561F92A9680001E2F6 /* Release */ = {
			isa = XCBuildConfiguration;
			buildSettings = {
				ALWAYS_SEARCH_USER_PATHS = NO;
				CLANG_ANALYZER_NONNULL = YES;
				CLANG_ANALYZER_NUMBER_OBJECT_CONVERSION = YES_AGGRESSIVE;
				CLANG_CXX_LANGUAGE_STANDARD = "gnu++14";
				CLANG_CXX_LIBRARY = "libc++";
				CLANG_ENABLE_MODULES = YES;
				CLANG_ENABLE_OBJC_ARC = YES;
				CLANG_WARN_BLOCK_CAPTURE_AUTORELEASING = YES;
				CLANG_WARN_BOOL_CONVERSION = YES;
				CLANG_WARN_COMMA = YES;
				CLANG_WARN_CONSTANT_CONVERSION = YES;
				CLANG_WARN_DIRECT_OBJC_ISA_USAGE = YES_ERROR;
				CLANG_WARN_DOCUMENTATION_COMMENTS = YES;
				CLANG_WARN_EMPTY_BODY = YES;
				CLANG_WARN_ENUM_CONVERSION = YES;
				CLANG_WARN_INFINITE_RECURSION = YES;
				CLANG_WARN_INT_CONVERSION = YES;
				CLANG_WARN_NON_LITERAL_NULL_CONVERSION = YES;
				CLANG_WARN_OBJC_LITERAL_CONVERSION = YES;
				CLANG_WARN_OBJC_ROOT_CLASS = YES_ERROR;
				CLANG_WARN_RANGE_LOOP_ANALYSIS = YES;
				CLANG_WARN_STRICT_PROTOTYPES = YES;
				CLANG_WARN_SUSPICIOUS_MOVE = YES;
				CLANG_WARN_UNGUARDED_AVAILABILITY = YES_AGGRESSIVE;
				CLANG_WARN_UNREACHABLE_CODE = YES;
				CLANG_WARN__DUPLICATE_METHOD_MATCH = YES;
				CODE_SIGN_IDENTITY = "iPhone Developer";
				COPY_PHASE_STRIP = NO;
				DEBUG_INFORMATION_FORMAT = "dwarf-with-dsym";
				ENABLE_NS_ASSERTIONS = NO;
				ENABLE_STRICT_OBJC_MSGSEND = YES;
				GCC_C_LANGUAGE_STANDARD = gnu11;
				GCC_NO_COMMON_BLOCKS = YES;
				GCC_WARN_64_TO_32_BIT_CONVERSION = YES;
				GCC_WARN_ABOUT_RETURN_TYPE = YES_ERROR;
				GCC_WARN_UNDECLARED_SELECTOR = YES;
				GCC_WARN_UNINITIALIZED_AUTOS = YES_AGGRESSIVE;
				GCC_WARN_UNUSED_FUNCTION = YES;
				GCC_WARN_UNUSED_VARIABLE = YES;
				IPHONEOS_DEPLOYMENT_TARGET = 11.0;
				MTL_ENABLE_DEBUG_INFO = NO;
				SDKROOT = iphoneos;
				SWIFT_OPTIMIZATION_LEVEL = "-Owholemodule";
				VALIDATE_PRODUCT = YES;
			};
			name = Release;
		};
		186657581F92A9680001E2F6 /* Debug */ = {
			isa = XCBuildConfiguration;
			buildSettings = {
				ASSETCATALOG_COMPILER_APPICON_NAME = AppIcon;
				CODE_SIGN_STYLE = Automatic;
				INFOPLIST_FILE = BilibiliAPI/Info.plist;
				LD_RUNPATH_SEARCH_PATHS = "$(inherited) @executable_path/Frameworks";
				PRODUCT_BUNDLE_IDENTIFIER = "Cornell-University.BilibiliAPI";
				PRODUCT_NAME = "$(TARGET_NAME)";
				SWIFT_VERSION = 4.0;
				TARGETED_DEVICE_FAMILY = "1,2";
			};
			name = Debug;
		};
		186657591F92A9680001E2F6 /* Release */ = {
			isa = XCBuildConfiguration;
			buildSettings = {
				ASSETCATALOG_COMPILER_APPICON_NAME = AppIcon;
				CODE_SIGN_STYLE = Automatic;
				INFOPLIST_FILE = BilibiliAPI/Info.plist;
				LD_RUNPATH_SEARCH_PATHS = "$(inherited) @executable_path/Frameworks";
				PRODUCT_BUNDLE_IDENTIFIER = "Cornell-University.BilibiliAPI";
				PRODUCT_NAME = "$(TARGET_NAME)";
				SWIFT_VERSION = 4.0;
				TARGETED_DEVICE_FAMILY = "1,2";
			};
			name = Release;
		};
/* End XCBuildConfiguration section */

/* Begin XCConfigurationList section */
		1866573E1F92A9670001E2F6 /* Build configuration list for PBXProject "BilibiliAPI" */ = {
			isa = XCConfigurationList;
			buildConfigurations = (
				186657551F92A9680001E2F6 /* Debug */,
				186657561F92A9680001E2F6 /* Release */,
			);
			defaultConfigurationIsVisible = 0;
			defaultConfigurationName = Release;
		};
		186657571F92A9680001E2F6 /* Build configuration list for PBXNativeTarget "BilibiliAPI" */ = {
			isa = XCConfigurationList;
			buildConfigurations = (
				186657581F92A9680001E2F6 /* Debug */,
				186657591F92A9680001E2F6 /* Release */,
			);
			defaultConfigurationIsVisible = 0;
			defaultConfigurationName = Release;
		};
/* End XCConfigurationList section */
	};
	rootObject = 1866573B1F92A9670001E2F6 /* Project object */;
}
